{
  "name": "xml-video",
  "version": "1.0.0",
  "lockfileVersion": 2,
  "requires": true,
  "packages": {
    "": {
      "name": "xml-video",
      "version": "1.0.0",
      "license": "ISC",
      "dependencies": {
        "sax-parser": "^2.0.1"
      }
    },
    "node_modules/sax-parser": {
      "version": "2.0.1",
      "resolved": "https://registry.npmjs.org/sax-parser/-/sax-parser-2.0.1.tgz",
      "integrity": "sha512-hSYyyEWCZ5adMeoiMzyv15iExwf+pqc4xwtzMk5G5BgO3jhrgPSHql85GZOwJ1acKqT7IYj5vrGD3N9m0vRA7g=="
    }
  },
  "dependencies": {
    "sax-parser": {
      "version": "2.0.1",
      "resolved": "https://registry.npmjs.org/sax-parser/-/sax-parser-2.0.1.tgz",
      "integrity": "sha512-hSYyyEWCZ5adMeoiMzyv15iExwf+pqc4xwtzMk5G5BgO3jhrgPSHql85GZOwJ1acKqT7IYj5vrGD3N9m0vRA7g=="
    }
  }
}
